
Microsoft Visual Studio Solution File, Format Version 12.00
# Visual Studio Version 17
VisualStudioVersion = 17.7.34031.279
MinimumVisualStudioVersion = 10.0.40219.1
Project("{FAE04EC0-301F-11D3-BF4B-00C04F79EFBC}") = "ControlCode", "ControlCode\ControlCode.csproj", "{AF5EC837-E413-490C-80C1-C2BF58519B21}"
EndProject
Project("{FAE04EC0-301F-11D3-BF4B-00C04F79EFBC}") = "DriveInfo", "DriveInfo\DriveInfo.csproj", "{E4DF5856-434F-41C2-882C-89523FB59E69}"
EndProject
Global
	GlobalSection(SolutionConfigurationPlatforms) = preSolution
		Debug|Any CPU = Debug|Any CPU
		Release|Any CPU = Release|Any CPU
	EndGlobalSection
	GlobalSection(ProjectConfigurationPlatforms) = postSolution
		{AF5EC837-E413-490C-80C1-C2BF58519B21}.Debug|Any CPU.ActiveCfg = Debug|Any CPU
		{AF5EC837-E413-490C-80C1-C2BF58519B21}.Debug|Any CPU.Build.0 = Debug|Any CPU
		{AF5EC837-E413-490C-80C1-C2BF58519B21}.Release|Any CPU.ActiveCfg = Release|Any CPU
		{AF5EC837-E413-490C-80C1-C2BF58519B21}.Release|Any CPU.Build.0 = Release|Any CPU
		{E4DF5856-434F-41C2-882C-89523FB59E69}.Debug|Any CPU.ActiveCfg = Debug|Any CPU
		{E4DF5856-434F-41C2-882C-89523FB59E69}.Debug|Any CPU.Build.0 = Debug|Any CPU
		{E4DF5856-434F-41C2-882C-89523FB59E69}.Release|Any CPU.ActiveCfg = Release|Any CPU
		{E4DF5856-434F-41C2-882C-89523FB59E69}.Release|Any CPU.Build.0 = Release|Any CPU
	EndGlobalSection
	GlobalSection(SolutionProperties) = preSolution
		HideSolutionNode = FALSE
	EndGlobalSection
	GlobalSection(ExtensibilityGlobals) = postSolution
		SolutionGuid = {9A74983D-31C4-4AF0-AE44-133C55A31B02}
	EndGlobalSection
EndGlobal
